
Microsoft Visual Studio Solution File, Format Version 12.00
# Visual Studio 15
VisualStudioVersion = 15.0.28307.421
MinimumVisualStudioVersion = 10.0.40219.1
Project("{FAE04EC0-301F-11D3-BF4B-00C04F79EFBC}") = "AlunoISMAI", "AlunoISMAI\AlunoISMAI.csproj", "{692BB5E9-60A0-45C8-B8BF-AC627D48EED3}"
EndProject
Global
	GlobalSection(SolutionConfigurationPlatforms) = preSolution
		Debug|Any CPU = Debug|Any CPU
		Release|Any CPU = Release|Any CPU
	EndGlobalSection
	GlobalSection(ProjectConfigurationPlatforms) = postSolution
		{692BB5E9-60A0-45C8-B8BF-AC627D48EED3}.Debug|Any CPU.ActiveCfg = Debug|Any CPU
		{692BB5E9-60A0-45C8-B8BF-AC627D48EED3}.Debug|Any CPU.Build.0 = Debug|Any CPU
		{692BB5E9-60A0-45C8-B8BF-AC627D48EED3}.Release|Any CPU.ActiveCfg = Release|Any CPU
		{692BB5E9-60A0-45C8-B8BF-AC627D48EED3}.Release|Any CPU.Build.0 = Release|Any CPU
	EndGlobalSection
	GlobalSection(SolutionProperties) = preSolution
		HideSolutionNode = FALSE
	EndGlobalSection
	GlobalSection(ExtensibilityGlobals) = postSolution
		SolutionGuid = {DF3C7DE4-89AF-4055-8CA0-68B8F4383A40}
	EndGlobalSection
EndGlobal
