
Microsoft Visual Studio Solution File, Format Version 12.00
# Visual Studio 15
VisualStudioVersion = 15.0.28307.421
MinimumVisualStudioVersion = 10.0.40219.1
Project("{FAE04EC0-301F-11D3-BF4B-00C04F79EFBC}") = "BeerCounter", "BeerCounter\BeerCounter.csproj", "{01CE7713-C878-4663-8D27-FE9CD17B1D9C}"
EndProject
Global
	GlobalSection(SolutionConfigurationPlatforms) = preSolution
		Debug|Any CPU = Debug|Any CPU
		Release|Any CPU = Release|Any CPU
	EndGlobalSection
	GlobalSection(ProjectConfigurationPlatforms) = postSolution
		{01CE7713-C878-4663-8D27-FE9CD17B1D9C}.Debug|Any CPU.ActiveCfg = Debug|Any CPU
		{01CE7713-C878-4663-8D27-FE9CD17B1D9C}.Debug|Any CPU.Build.0 = Debug|Any CPU
		{01CE7713-C878-4663-8D27-FE9CD17B1D9C}.Release|Any CPU.ActiveCfg = Release|Any CPU
		{01CE7713-C878-4663-8D27-FE9CD17B1D9C}.Release|Any CPU.Build.0 = Release|Any CPU
	EndGlobalSection
	GlobalSection(SolutionProperties) = preSolution
		HideSolutionNode = FALSE
	EndGlobalSection
	GlobalSection(ExtensibilityGlobals) = postSolution
		SolutionGuid = {12D0C09F-AB01-4C1A-8E8C-2D0C5FA20835}
	EndGlobalSection
EndGlobal
